// !$*UTF8*$!
{
	archiveVersion = 1;
	classes = {
	};
	objectVersion = 46;
	objects = {

/* Begin PBXBuildFile section */
		7E0C0C0B19B123A8001C2FE6 /* GameWorld.cpp in Sources */ = {isa = PBXBuildFile; fileRef = 7E0C0C0919B123A8001C2FE6 /* GameWorld.cpp */; };
		7E11EC47198BDB3C00098E5C /* AssetManager.cpp in Sources */ = {isa = PBXBuildFile; fileRef = 7E11EC28198BDB3C00098E5C /* AssetManager.cpp */; };
		7E11EC48198BDB3C00098E5C /* ncMessage.cpp in Sources */ = {isa = PBXBuildFile; fileRef = 7E11EC29198BDB3C00098E5C /* ncMessage.cpp */; };
		7E11EC49198BDB3C00098E5C /* ncBSP.cpp in Sources */ = {isa = PBXBuildFile; fileRef = 7E11EC2A198BDB3C00098E5C /* ncBSP.cpp */; };
		7E11EC4A198BDB3C00098E5C /* MultiplayerClient.cpp in Sources */ = {isa = PBXBuildFile; fileRef = 7E11EC2B198BDB3C00098E5C /* MultiplayerClient.cpp */; };
		7E11EC4B198BDB3C00098E5C /* LocalGame.cpp in Sources */ = {isa = PBXBuildFile; fileRef = 7E11EC2C198BDB3C00098E5C /* LocalGame.cpp */; };
		7E11EC4C198BDB3C00098E5C /* ConsoleCommand.cpp in Sources */ = {isa = PBXBuildFile; fileRef = 7E11EC2D198BDB3C00098E5C /* ConsoleCommand.cpp */; };
		7E11EC4E198BDB3C00098E5C /* Console.cpp in Sources */ = {isa = PBXBuildFile; fileRef = 7E11EC2F198BDB3C00098E5C /* Console.cpp */; };
		7E11EC4F198BDB3C00098E5C /* ConsoleVariable.cpp in Sources */ = {isa = PBXBuildFile; fileRef = 7E11EC30198BDB3C00098E5C /* ConsoleVariable.cpp */; };
		7E11EC50198BDB3C00098E5C /* LevelEnvironment.cpp in Sources */ = {isa = PBXBuildFile; fileRef = 7E11EC31198BDB3C00098E5C /* LevelEnvironment.cpp */; };
		7E11EC51198BDB3C00098E5C /* FileSystem.cpp in Sources */ = {isa = PBXBuildFile; fileRef = 7E11EC32198BDB3C00098E5C /* FileSystem.cpp */; };
		7E11EC52198BDB3C00098E5C /* CoreFont.cpp in Sources */ = {isa = PBXBuildFile; fileRef = 7E11EC33198BDB3C00098E5C /* CoreFont.cpp */; };
		7E11EC53198BDB3C00098E5C /* OpenGL.cpp in Sources */ = {isa = PBXBuildFile; fileRef = 7E11EC34198BDB3C00098E5C /* OpenGL.cpp */; };
		7E11EC54198BDB3C00098E5C /* GameMath.cpp in Sources */ = {isa = PBXBuildFile; fileRef = 7E11EC35198BDB3C00098E5C /* GameMath.cpp */; };
		7E11EC55198BDB3C00098E5C /* ImageManager.cpp in Sources */ = {isa = PBXBuildFile; fileRef = 7E11EC36198BDB3C00098E5C /* ImageManager.cpp */; };
		7E11EC57198BDB3C00098E5C /* Core.cpp in Sources */ = {isa = PBXBuildFile; fileRef = 7E11EC38198BDB3C00098E5C /* Core.cpp */; };
		7E11EC58198BDB3C00098E5C /* Input.cpp in Sources */ = {isa = PBXBuildFile; fileRef = 7E11EC39198BDB3C00098E5C /* Input.cpp */; };
		7E11EC59198BDB3C00098E5C /* main.cpp in Sources */ = {isa = PBXBuildFile; fileRef = 7E11EC3A198BDB3C00098E5C /* main.cpp */; };
		7E11EC5A198BDB3C00098E5C /* MapLevel.cpp in Sources */ = {isa = PBXBuildFile; fileRef = 7E11EC3B198BDB3C00098E5C /* MapLevel.cpp */; };
		7E11EC5B198BDB3C00098E5C /* MaterialLoader.cpp in Sources */ = {isa = PBXBuildFile; fileRef = 7E11EC3C198BDB3C00098E5C /* MaterialLoader.cpp */; };
		7E11EC5C198BDB3C00098E5C /* Models.cpp in Sources */ = {isa = PBXBuildFile; fileRef = 7E11EC3D198BDB3C00098E5C /* Models.cpp */; };
		7E11EC5D198BDB3C00098E5C /* Network.cpp in Sources */ = {isa = PBXBuildFile; fileRef = 7E11EC3E198BDB3C00098E5C /* Network.cpp */; };
		7E11EC5F198BDB3C00098E5C /* Renderer.cpp in Sources */ = {isa = PBXBuildFile; fileRef = 7E11EC40198BDB3C00098E5C /* Renderer.cpp */; };
		7E11EC60198BDB3C00098E5C /* MultiplayerServer.cpp in Sources */ = {isa = PBXBuildFile; fileRef = 7E11EC41198BDB3C00098E5C /* MultiplayerServer.cpp */; };
		7E11EC61198BDB3C00098E5C /* ShaderLoader.cpp in Sources */ = {isa = PBXBuildFile; fileRef = 7E11EC42198BDB3C00098E5C /* ShaderLoader.cpp */; };
		7E11EC62198BDB3C00098E5C /* System.cpp in Sources */ = {isa = PBXBuildFile; fileRef = 7E11EC43198BDB3C00098E5C /* System.cpp */; };
		7E11EC64198BDB3C00098E5C /* Utils.cpp in Sources */ = {isa = PBXBuildFile; fileRef = 7E11EC45198BDB3C00098E5C /* Utils.cpp */; };
		7E11EC65198BDB3C00098E5C /* Water.cpp in Sources */ = {isa = PBXBuildFile; fileRef = 7E11EC46198BDB3C00098E5C /* Water.cpp */; };
		7E11EC67198BEC6200098E5C /* OpenGL.framework in Frameworks */ = {isa = PBXBuildFile; fileRef = 7E11EC66198BEC6200098E5C /* OpenGL.framework */; };
		7E2E571219942096008BBD88 /* MainMenu.xib in Resources */ = {isa = PBXBuildFile; fileRef = 7E2E571119942096008BBD88 /* MainMenu.xib */; };
		7E406F6019C037A900F1A823 /* NOTE TO ME.txt in Sources */ = {isa = PBXBuildFile; fileRef = 7E406F5F19C037A900F1A823 /* NOTE TO ME.txt */; };
		7E547D5B18737F6300B5AD82 /* MacOpenGL.mm in Sources */ = {isa = PBXBuildFile; fileRef = 7E547D5A18737F6300B5AD82 /* MacOpenGL.mm */; };
		7E547D5D18737FEB00B5AD82 /* CoreVideo.framework in Frameworks */ = {isa = PBXBuildFile; fileRef = 7E547D5C18737FEB00B5AD82 /* CoreVideo.framework */; };
		7E547D6118737FF900B5AD82 /* QuartzCore.framework in Frameworks */ = {isa = PBXBuildFile; fileRef = 7E547D6018737FF900B5AD82 /* QuartzCore.framework */; };
		7E591BBA19B00D9100B5ED7A /* NCString.cpp in Sources */ = {isa = PBXBuildFile; fileRef = 7E591BB819B00D9100B5ED7A /* NCString.cpp */; };
		7E74DDDA1A0B7CDE0090FE26 /* VBOOpenGL.cpp in Sources */ = {isa = PBXBuildFile; fileRef = 7E74DDD81A0B7CDE0090FE26 /* VBOOpenGL.cpp */; };
		7E82BA2E19AC24920054E608 /* IOKit.framework in Frameworks */ = {isa = PBXBuildFile; fileRef = 7E82BA2A19AC22BD0054E608 /* IOKit.framework */; };
		7E8A19E81A079D5B00AE08A2 /* Terrain.cpp in Sources */ = {isa = PBXBuildFile; fileRef = 7E8A19E71A079D5B00AE08A2 /* Terrain.cpp */; };
		7EC847201A1A3BBD008C147A /* Security.cpp in Sources */ = {isa = PBXBuildFile; fileRef = 7EC8471E1A1A3BBD008C147A /* Security.cpp */; };
		7ECA38C11A2B95B7002E87A2 /* BeautifulEnvironment.cpp in Sources */ = {isa = PBXBuildFile; fileRef = 7ECA38BF1A2B95B7002E87A2 /* BeautifulEnvironment.cpp */; };
		7ED083DF19B61C990023DEDE /* MacUtils.mm in Sources */ = {isa = PBXBuildFile; fileRef = 7ED083DE19B61C990023DEDE /* MacUtils.mm */; };
		7EDCDB8C19ACE03900438563 /* main.mm in Sources */ = {isa = PBXBuildFile; fileRef = 7EDCDB8A19ACE03900438563 /* main.mm */; };
		7EDCDBBF19ACFD7500438563 /* CoreFoundation.framework in Frameworks */ = {isa = PBXBuildFile; fileRef = 7EDCDBBE19ACFD7500438563 /* CoreFoundation.framework */; };
		7EDCDBC119AD012800438563 /* libpthread.dylib in Frameworks */ = {isa = PBXBuildFile; fileRef = 7EDCDBC019AD012800438563 /* libpthread.dylib */; };
		7EDCDBCC19AD47FF00438563 /* libovr.a in Frameworks */ = {isa = PBXBuildFile; fileRef = 7EDCDBCB19AD47FF00438563 /* libovr.a */; };
		7EDCDBDD19AEB48700438563 /* Camera.cpp in Sources */ = {isa = PBXBuildFile; fileRef = 7EDCDBDB19AEB48700438563 /* Camera.cpp */; };
		7EF8EAED18737E2C00D2384D /* Cocoa.framework in Frameworks */ = {isa = PBXBuildFile; fileRef = 7EF8EAEC18737E2C00D2384D /* Cocoa.framework */; };
		7EF8EAF718737E2C00D2384D /* InfoPlist.strings in Resources */ = {isa = PBXBuildFile; fileRef = 7EF8EAF518737E2C00D2384D /* InfoPlist.strings */; };
		7EF8EAFD18737E2C00D2384D /* Credits.rtf in Resources */ = {isa = PBXBuildFile; fileRef = 7EF8EAFB18737E2C00D2384D /* Credits.rtf */; };
		7EF8EB0018737E2C00D2384D /* AppDelegate.mm in Sources */ = {isa = PBXBuildFile; fileRef = 7EF8EAFF18737E2C00D2384D /* AppDelegate.mm */; };
		7EF8EB0518737E2C00D2384D /* Images.xcassets in Resources */ = {isa = PBXBuildFile; fileRef = 7EF8EB0418737E2C00D2384D /* Images.xcassets */; };
		E15CBB6C1876B4CB00C3874F /* Carbon.framework in Frameworks */ = {isa = PBXBuildFile; fileRef = E15CBB6B1876B4CB00C3874F /* Carbon.framework */; };
/* End PBXBuildFile section */

/* Begin PBXFileReference section */
		7E0BCCD619B3695600A5DE31 /* LocalGame.h */ = {isa = PBXFileReference; lastKnownFileType = sourcecode.c.h; path = LocalGame.h; sourceTree = "<group>"; };
		7E0BCCD819B3796900A5DE31 /* LevelEnvironment.h */ = {isa = PBXFileReference; lastKnownFileType = sourcecode.c.h; path = LevelEnvironment.h; sourceTree = "<group>"; };
		7E0BCCD919B38C5100A5DE31 /* SharedWin.h */ = {isa = PBXFileReference; lastKnownFileType = sourcecode.c.h; path = SharedWin.h; sourceTree = "<group>"; };
		7E0BCCDA19B38CCA00A5DE31 /* SharedApple.h */ = {isa = PBXFileReference; lastKnownFileType = sourcecode.c.h; path = SharedApple.h; sourceTree = "<group>"; };
		7E0C0C0519B101B0001C2FE6 /* OpenGL.h */ = {isa = PBXFileReference; lastKnownFileType = sourcecode.c.h; path = OpenGL.h; sourceTree = "<group>"; };
		7E0C0C0619B10772001C2FE6 /* MaterialLoader.h */ = {isa = PBXFileReference; lastKnownFileType = sourcecode.c.h; path = MaterialLoader.h; sourceTree = "<group>"; };
		7E0C0C0719B10889001C2FE6 /* ImageManager.h */ = {isa = PBXFileReference; lastKnownFileType = sourcecode.c.h; path = ImageManager.h; sourceTree = "<group>"; };
		7E0C0C0819B10B4D001C2FE6 /* CoreFont.h */ = {isa = PBXFileReference; lastKnownFileType = sourcecode.c.h; path = CoreFont.h; sourceTree = "<group>"; };
		7E0C0C0919B123A8001C2FE6 /* GameWorld.cpp */ = {isa = PBXFileReference; fileEncoding = 4; lastKnownFileType = sourcecode.cpp.cpp; path = GameWorld.cpp; sourceTree = "<group>"; };
		7E0C0C0A19B123A8001C2FE6 /* GameWorld.h */ = {isa = PBXFileReference; fileEncoding = 4; lastKnownFileType = sourcecode.c.h; path = GameWorld.h; sourceTree = "<group>"; };
		7E11EC22198BDB3C00098E5C /* ncMessage.h */ = {isa = PBXFileReference; fileEncoding = 4; lastKnownFileType = sourcecode.c.h; path = ncMessage.h; sourceTree = "<group>"; };
		7E11EC23198BDB3C00098E5C /* ncBSP.h */ = {isa = PBXFileReference; fileEncoding = 4; lastKnownFileType = sourcecode.c.h; path = ncBSP.h; sourceTree = "<group>"; };
		7E11EC25198BDB3C00098E5C /* GameMath.h */ = {isa = PBXFileReference; fileEncoding = 4; lastKnownFileType = sourcecode.c.h; path = GameMath.h; sourceTree = "<group>"; };
		7E11EC27198BDB3C00098E5C /* SystemShared.h */ = {isa = PBXFileReference; fileEncoding = 4; lastKnownFileType = sourcecode.c.h; path = SystemShared.h; sourceTree = "<group>"; };
		7E11EC28198BDB3C00098E5C /* AssetManager.cpp */ = {isa = PBXFileReference; fileEncoding = 4; lastKnownFileType = sourcecode.cpp.cpp; path = AssetManager.cpp; sourceTree = "<group>"; };
		7E11EC29198BDB3C00098E5C /* ncMessage.cpp */ = {isa = PBXFileReference; fileEncoding = 4; lastKnownFileType = sourcecode.cpp.cpp; path = ncMessage.cpp; sourceTree = "<group>"; };
		7E11EC2A198BDB3C00098E5C /* ncBSP.cpp */ = {isa = PBXFileReference; fileEncoding = 4; lastKnownFileType = sourcecode.cpp.cpp; path = ncBSP.cpp; sourceTree = "<group>"; };
		7E11EC2B198BDB3C00098E5C /* MultiplayerClient.cpp */ = {isa = PBXFileReference; fileEncoding = 4; lastKnownFileType = sourcecode.cpp.cpp; path = MultiplayerClient.cpp; sourceTree = "<group>"; };
		7E11EC2C198BDB3C00098E5C /* LocalGame.cpp */ = {isa = PBXFileReference; fileEncoding = 4; lastKnownFileType = sourcecode.cpp.cpp; path = LocalGame.cpp; sourceTree = "<group>"; };
		7E11EC2D198BDB3C00098E5C /* ConsoleCommand.cpp */ = {isa = PBXFileReference; fileEncoding = 4; lastKnownFileType = sourcecode.cpp.cpp; path = ConsoleCommand.cpp; sourceTree = "<group>"; };
		7E11EC2F198BDB3C00098E5C /* Console.cpp */ = {isa = PBXFileReference; fileEncoding = 4; lastKnownFileType = sourcecode.cpp.cpp; path = Console.cpp; sourceTree = "<group>"; };
		7E11EC30198BDB3C00098E5C /* ConsoleVariable.cpp */ = {isa = PBXFileReference; fileEncoding = 4; lastKnownFileType = sourcecode.cpp.cpp; path = ConsoleVariable.cpp; sourceTree = "<group>"; };
		7E11EC31198BDB3C00098E5C /* LevelEnvironment.cpp */ = {isa = PBXFileReference; fileEncoding = 4; lastKnownFileType = sourcecode.cpp.cpp; path = LevelEnvironment.cpp; sourceTree = "<group>"; };
		7E11EC32198BDB3C00098E5C /* FileSystem.cpp */ = {isa = PBXFileReference; fileEncoding = 4; lastKnownFileType = sourcecode.cpp.cpp; path = FileSystem.cpp; sourceTree = "<group>"; };
		7E11EC33198BDB3C00098E5C /* CoreFont.cpp */ = {isa = PBXFileReference; fileEncoding = 4; lastKnownFileType = sourcecode.cpp.cpp; path = CoreFont.cpp; sourceTree = "<group>"; };
		7E11EC34198BDB3C00098E5C /* OpenGL.cpp */ = {isa = PBXFileReference; fileEncoding = 4; lastKnownFileType = sourcecode.cpp.cpp; path = OpenGL.cpp; sourceTree = "<group>"; };
		7E11EC35198BDB3C00098E5C /* GameMath.cpp */ = {isa = PBXFileReference; fileEncoding = 4; lastKnownFileType = sourcecode.cpp.cpp; path = GameMath.cpp; sourceTree = "<group>"; };
		7E11EC36198BDB3C00098E5C /* ImageManager.cpp */ = {isa = PBXFileReference; fileEncoding = 4; lastKnownFileType = sourcecode.cpp.cpp; path = ImageManager.cpp; sourceTree = "<group>"; };
		7E11EC38198BDB3C00098E5C /* Core.cpp */ = {isa = PBXFileReference; fileEncoding = 4; lastKnownFileType = sourcecode.cpp.cpp; path = Core.cpp; sourceTree = "<group>"; };
		7E11EC39198BDB3C00098E5C /* Input.cpp */ = {isa = PBXFileReference; fileEncoding = 4; lastKnownFileType = sourcecode.cpp.cpp; path = Input.cpp; sourceTree = "<group>"; };
		7E11EC3A198BDB3C00098E5C /* main.cpp */ = {isa = PBXFileReference; fileEncoding = 4; lastKnownFileType = sourcecode.cpp.cpp; path = main.cpp; sourceTree = "<group>"; };
		7E11EC3B198BDB3C00098E5C /* MapLevel.cpp */ = {isa = PBXFileReference; fileEncoding = 4; lastKnownFileType = sourcecode.cpp.cpp; path = MapLevel.cpp; sourceTree = "<group>"; };
		7E11EC3C198BDB3C00098E5C /* MaterialLoader.cpp */ = {isa = PBXFileReference; fileEncoding = 4; lastKnownFileType = sourcecode.cpp.cpp; path = MaterialLoader.cpp; sourceTree = "<group>"; };
		7E11EC3D198BDB3C00098E5C /* Models.cpp */ = {isa = PBXFileReference; fileEncoding = 4; lastKnownFileType = sourcecode.cpp.cpp; path = Models.cpp; sourceTree = "<group>"; };
		7E11EC3E198BDB3C00098E5C /* Network.cpp */ = {isa = PBXFileReference; fileEncoding = 4; lastKnownFileType = sourcecode.cpp.cpp; path = Network.cpp; sourceTree = "<group>"; };
		7E11EC40198BDB3C00098E5C /* Renderer.cpp */ = {isa = PBXFileReference; fileEncoding = 4; lastKnownFileType = sourcecode.cpp.cpp; path = Renderer.cpp; sourceTree = "<group>"; };
		7E11EC41198BDB3C00098E5C /* MultiplayerServer.cpp */ = {isa = PBXFileReference; fileEncoding = 4; lastKnownFileType = sourcecode.cpp.cpp; path = MultiplayerServer.cpp; sourceTree = "<group>"; };
		7E11EC42198BDB3C00098E5C /* ShaderLoader.cpp */ = {isa = PBXFileReference; fileEncoding = 4; lastKnownFileType = sourcecode.cpp.cpp; path = ShaderLoader.cpp; sourceTree = "<group>"; };
		7E11EC43198BDB3C00098E5C /* System.cpp */ = {isa = PBXFileReference; fileEncoding = 4; lastKnownFileType = sourcecode.cpp.cpp; path = System.cpp; sourceTree = "<group>"; };
		7E11EC45198BDB3C00098E5C /* Utils.cpp */ = {isa = PBXFileReference; fileEncoding = 4; lastKnownFileType = sourcecode.cpp.cpp; path = Utils.cpp; sourceTree = "<group>"; };
		7E11EC46198BDB3C00098E5C /* Water.cpp */ = {isa = PBXFileReference; fileEncoding = 4; lastKnownFileType = sourcecode.cpp.cpp; path = Water.cpp; sourceTree = "<group>"; };
		7E11EC66198BEC6200098E5C /* OpenGL.framework */ = {isa = PBXFileReference; lastKnownFileType = wrapper.framework; name = OpenGL.framework; path = Platforms/MacOSX.platform/Developer/SDKs/MacOSX10.9.sdk/System/Library/Frameworks/OpenGL.framework; sourceTree = DEVELOPER_DIR; };
		7E19CDD119C2D7EC00DD5422 /* Utils.h */ = {isa = PBXFileReference; lastKnownFileType = sourcecode.c.h; path = Utils.h; sourceTree = "<group>"; };
		7E2E571119942096008BBD88 /* MainMenu.xib */ = {isa = PBXFileReference; fileEncoding = 4; lastKnownFileType = file.xib; path = MainMenu.xib; sourceTree = "<group>"; };
		7E34A50919AEBDD500D3A5CB /* Renderer.h */ = {isa = PBXFileReference; lastKnownFileType = sourcecode.c.h; path = Renderer.h; sourceTree = "<group>"; };
		7E406F5F19C037A900F1A823 /* NOTE TO ME.txt */ = {isa = PBXFileReference; fileEncoding = 4; lastKnownFileType = text; path = "NOTE TO ME.txt"; sourceTree = "<group>"; };
		7E42A449191C851F00D8849A /* MacOpenGL.h */ = {isa = PBXFileReference; lastKnownFileType = sourcecode.c.h; path = MacOpenGL.h; sourceTree = "<group>"; };
		7E547D5A18737F6300B5AD82 /* MacOpenGL.mm */ = {isa = PBXFileReference; fileEncoding = 4; lastKnownFileType = sourcecode.cpp.objcpp; path = MacOpenGL.mm; sourceTree = "<group>"; };
		7E547D5C18737FEB00B5AD82 /* CoreVideo.framework */ = {isa = PBXFileReference; lastKnownFileType = wrapper.framework; name = CoreVideo.framework; path = System/Library/Frameworks/CoreVideo.framework; sourceTree = SDKROOT; };
		7E547D5E18737FF200B5AD82 /* OpenGL.framework */ = {isa = PBXFileReference; lastKnownFileType = wrapper.framework; name = OpenGL.framework; path = System/Library/Frameworks/OpenGL.framework; sourceTree = SDKROOT; };
		7E547D6018737FF900B5AD82 /* QuartzCore.framework */ = {isa = PBXFileReference; lastKnownFileType = wrapper.framework; name = QuartzCore.framework; path = System/Library/Frameworks/QuartzCore.framework; sourceTree = SDKROOT; };
		7E547D62187381F600B5AD82 /* SkyCat-Prefix.pch */ = {isa = PBXFileReference; fileEncoding = 4; lastKnownFileType = sourcecode.c.h; path = "SkyCat-Prefix.pch"; sourceTree = "<group>"; };
		7E591BB719B0094800B5ED7A /* FileSystem.h */ = {isa = PBXFileReference; lastKnownFileType = sourcecode.c.h; path = FileSystem.h; sourceTree = "<group>"; };
		7E591BB819B00D9100B5ED7A /* NCString.cpp */ = {isa = PBXFileReference; fileEncoding = 4; lastKnownFileType = sourcecode.cpp.cpp; path = NCString.cpp; sourceTree = "<group>"; };
		7E591BB919B00D9100B5ED7A /* NCString.h */ = {isa = PBXFileReference; fileEncoding = 4; lastKnownFileType = sourcecode.c.h; path = NCString.h; sourceTree = "<group>"; };
		7E6784671A0BE869003F069D /* Terrain.h */ = {isa = PBXFileReference; lastKnownFileType = sourcecode.c.h; path = Terrain.h; sourceTree = "<group>"; };
		7E74DDD81A0B7CDE0090FE26 /* VBOOpenGL.cpp */ = {isa = PBXFileReference; fileEncoding = 4; lastKnownFileType = sourcecode.cpp.cpp; path = VBOOpenGL.cpp; sourceTree = "<group>"; };
		7E74DDD91A0B7CDE0090FE26 /* VBOOpenGL.h */ = {isa = PBXFileReference; fileEncoding = 4; lastKnownFileType = sourcecode.c.h; path = VBOOpenGL.h; sourceTree = "<group>"; };
		7E82BA2A19AC22BD0054E608 /* IOKit.framework */ = {isa = PBXFileReference; lastKnownFileType = wrapper.framework; name = IOKit.framework; path = System/Library/Frameworks/IOKit.framework; sourceTree = SDKROOT; };
		7E82BA2C19AC22C60054E608 /* libovr.a */ = {isa = PBXFileReference; lastKnownFileType = archive.ar; name = libovr.a; path = ../libovr.a; sourceTree = "<group>"; };
		7E8A19E71A079D5B00AE08A2 /* Terrain.cpp */ = {isa = PBXFileReference; fileEncoding = 4; lastKnownFileType = sourcecode.cpp.cpp; path = Terrain.cpp; sourceTree = "<group>"; };
		7EC8471E1A1A3BBD008C147A /* Security.cpp */ = {isa = PBXFileReference; fileEncoding = 4; lastKnownFileType = sourcecode.cpp.cpp; path = Security.cpp; sourceTree = "<group>"; };
		7EC8471F1A1A3BBD008C147A /* Security.h */ = {isa = PBXFileReference; fileEncoding = 4; lastKnownFileType = sourcecode.c.h; path = Security.h; sourceTree = "<group>"; };
		7ECA38BF1A2B95B7002E87A2 /* BeautifulEnvironment.cpp */ = {isa = PBXFileReference; fileEncoding = 4; lastKnownFileType = sourcecode.cpp.cpp; path = BeautifulEnvironment.cpp; sourceTree = "<group>"; };
		7ECA38C01A2B95B7002E87A2 /* BeautifulEnvironment.h */ = {isa = PBXFileReference; fileEncoding = 4; lastKnownFileType = sourcecode.c.h; path = BeautifulEnvironment.h; sourceTree = "<group>"; };
		7ED083DE19B61C990023DEDE /* MacUtils.mm */ = {isa = PBXFileReference; fileEncoding = 4; lastKnownFileType = sourcecode.cpp.objcpp; path = MacUtils.mm; sourceTree = "<group>"; };
		7ED083E019B61CAC0023DEDE /* MacUtils.h */ = {isa = PBXFileReference; lastKnownFileType = sourcecode.c.h; path = MacUtils.h; sourceTree = "<group>"; };
		7EDCDB8A19ACE03900438563 /* main.mm */ = {isa = PBXFileReference; fileEncoding = 4; lastKnownFileType = sourcecode.cpp.objcpp; path = main.mm; sourceTree = "<group>"; };
		7EDCDBBC19ACEBA400438563 /* libstdc++.6.0.9.dylib */ = {isa = PBXFileReference; lastKnownFileType = "compiled.mach-o.dylib"; name = "libstdc++.6.0.9.dylib"; path = "usr/lib/libstdc++.6.0.9.dylib"; sourceTree = SDKROOT; };
		7EDCDBBE19ACFD7500438563 /* CoreFoundation.framework */ = {isa = PBXFileReference; lastKnownFileType = wrapper.framework; name = CoreFoundation.framework; path = System/Library/Frameworks/CoreFoundation.framework; sourceTree = SDKROOT; };
		7EDCDBC019AD012800438563 /* libpthread.dylib */ = {isa = PBXFileReference; lastKnownFileType = "compiled.mach-o.dylib"; name = libpthread.dylib; path = usr/lib/libpthread.dylib; sourceTree = SDKROOT; };
		7EDCDBC219AD012E00438563 /* libsystem_pthread.dylib */ = {isa = PBXFileReference; lastKnownFileType = "compiled.mach-o.dylib"; name = libsystem_pthread.dylib; path = usr/lib/system/libsystem_pthread.dylib; sourceTree = SDKROOT; };
		7EDCDBC919AD445200438563 /* libovr.a */ = {isa = PBXFileReference; lastKnownFileType = archive.ar; name = libovr.a; path = "../../Downloads/LibOVR-master/Src/libovr.a"; sourceTree = "<group>"; };
		7EDCDBCB19AD47FF00438563 /* libovr.a */ = {isa = PBXFileReference; lastKnownFileType = archive.ar; name = libovr.a; path = "../../Downloads/SimpleOculus-master/LibOVR/Lib/MacOS/Debug/libovr.a"; sourceTree = "<group>"; };
		7EDCDBCE19AD6B9000438563 /* MultiplayerClient.h */ = {isa = PBXFileReference; lastKnownFileType = sourcecode.c.h; path = MultiplayerClient.h; sourceTree = "<group>"; };
		7EDCDBCF19AD747200438563 /* Core.h */ = {isa = PBXFileReference; lastKnownFileType = sourcecode.c.h; path = Core.h; sourceTree = "<group>"; };
		7EDCDBD019AD7D9300438563 /* ConsoleVariable.h */ = {isa = PBXFileReference; lastKnownFileType = sourcecode.c.h; path = ConsoleVariable.h; sourceTree = "<group>"; };
		7EDCDBD119AE497300438563 /* System.h */ = {isa = PBXFileReference; lastKnownFileType = sourcecode.c.h; path = System.h; sourceTree = "<group>"; };
		7EDCDBD219AE511B00438563 /* Network.h */ = {isa = PBXFileReference; lastKnownFileType = sourcecode.c.h; path = Network.h; sourceTree = "<group>"; };
		7EDCDBD319AE6D6B00438563 /* AssetManager.h */ = {isa = PBXFileReference; lastKnownFileType = sourcecode.c.h; path = AssetManager.h; sourceTree = "<group>"; };
		7EDCDBD519AE72EE00438563 /* Models.h */ = {isa = PBXFileReference; lastKnownFileType = sourcecode.c.h; path = Models.h; sourceTree = "<group>"; };
		7EDCDBD619AE78FC00438563 /* ShaderLoader.h */ = {isa = PBXFileReference; lastKnownFileType = sourcecode.c.h; path = ShaderLoader.h; sourceTree = "<group>"; };
		7EDCDBD719AE872600438563 /* MultiplayerServer.h */ = {isa = PBXFileReference; lastKnownFileType = sourcecode.c.h; path = MultiplayerServer.h; sourceTree = "<group>"; };
		7EDCDBD819AE9D5700438563 /* ConsoleCommand.h */ = {isa = PBXFileReference; lastKnownFileType = sourcecode.c.h; path = ConsoleCommand.h; sourceTree = "<group>"; };
		7EDCDBD919AEA4C100438563 /* Console.h */ = {isa = PBXFileReference; lastKnownFileType = sourcecode.c.h; path = Console.h; sourceTree = "<group>"; };
		7EDCDBDA19AEB29300438563 /* Input.h */ = {isa = PBXFileReference; lastKnownFileType = sourcecode.c.h; path = Input.h; sourceTree = "<group>"; };
		7EDCDBDB19AEB48700438563 /* Camera.cpp */ = {isa = PBXFileReference; fileEncoding = 4; lastKnownFileType = sourcecode.cpp.cpp; path = Camera.cpp; sourceTree = "<group>"; };
		7EDCDBDC19AEB48700438563 /* Camera.h */ = {isa = PBXFileReference; fileEncoding = 4; lastKnownFileType = sourcecode.c.h; path = Camera.h; sourceTree = "<group>"; };
		7EEEB9DE1A1D1FEF00C4683D /* SkyCat-Bridging-Header.h */ = {isa = PBXFileReference; lastKnownFileType = sourcecode.c.h; path = "SkyCat-Bridging-Header.h"; sourceTree = "<group>"; };
		7EF8EAE918737E2C00D2384D /* SkyCat.app */ = {isa = PBXFileReference; explicitFileType = wrapper.application; includeInIndex = 0; path = SkyCat.app; sourceTree = BUILT_PRODUCTS_DIR; };
		7EF8EAEC18737E2C00D2384D /* Cocoa.framework */ = {isa = PBXFileReference; lastKnownFileType = wrapper.framework; name = Cocoa.framework; path = System/Library/Frameworks/Cocoa.framework; sourceTree = SDKROOT; };
		7EF8EAEF18737E2C00D2384D /* AppKit.framework */ = {isa = PBXFileReference; lastKnownFileType = wrapper.framework; name = AppKit.framework; path = System/Library/Frameworks/AppKit.framework; sourceTree = SDKROOT; };
		7EF8EAF018737E2C00D2384D /* CoreData.framework */ = {isa = PBXFileReference; lastKnownFileType = wrapper.framework; name = CoreData.framework; path = System/Library/Frameworks/CoreData.framework; sourceTree = SDKROOT; };
		7EF8EAF118737E2C00D2384D /* Foundation.framework */ = {isa = PBXFileReference; lastKnownFileType = wrapper.framework; name = Foundation.framework; path = System/Library/Frameworks/Foundation.framework; sourceTree = SDKROOT; };
		7EF8EAF418737E2C00D2384D /* SkyCat-Info.plist */ = {isa = PBXFileReference; lastKnownFileType = text.plist.xml; path = "SkyCat-Info.plist"; sourceTree = "<group>"; };
		7EF8EAF618737E2C00D2384D /* en */ = {isa = PBXFileReference; lastKnownFileType = text.plist.strings; name = en; path = en.lproj/InfoPlist.strings; sourceTree = "<group>"; };
		7EF8EAFC18737E2C00D2384D /* en */ = {isa = PBXFileReference; lastKnownFileType = text.rtf; name = en; path = en.lproj/Credits.rtf; sourceTree = "<group>"; };
		7EF8EAFE18737E2C00D2384D /* AppDelegate.h */ = {isa = PBXFileReference; lastKnownFileType = sourcecode.c.h; path = AppDelegate.h; sourceTree = "<group>"; };
		7EF8EAFF18737E2C00D2384D /* AppDelegate.mm */ = {isa = PBXFileReference; lastKnownFileType = sourcecode.cpp.objcpp; path = AppDelegate.mm; sourceTree = "<group>"; };
		7EF8EB0418737E2C00D2384D /* Images.xcassets */ = {isa = PBXFileReference; lastKnownFileType = folder.assetcatalog; path = Images.xcassets; sourceTree = "<group>"; };
		7EF8EB0B18737E2C00D2384D /* XCTest.framework */ = {isa = PBXFileReference; lastKnownFileType = wrapper.framework; name = XCTest.framework; path = Library/Frameworks/XCTest.framework; sourceTree = DEVELOPER_DIR; };
		E15CBB6B1876B4CB00C3874F /* Carbon.framework */ = {isa = PBXFileReference; lastKnownFileType = wrapper.framework; name = Carbon.framework; path = System/Library/Frameworks/Carbon.framework; sourceTree = SDKROOT; };
/* End PBXFileReference section */

/* Begin PBXFrameworksBuildPhase section */
		7EF8EAE618737E2C00D2384D /* Frameworks */ = {
			isa = PBXFrameworksBuildPhase;
			buildActionMask = 2147483647;
			files = (
				7EDCDBCC19AD47FF00438563 /* libovr.a in Frameworks */,
				7EDCDBC119AD012800438563 /* libpthread.dylib in Frameworks */,
				7E82BA2E19AC24920054E608 /* IOKit.framework in Frameworks */,
				7EDCDBBF19ACFD7500438563 /* CoreFoundation.framework in Frameworks */,
				7E11EC67198BEC6200098E5C /* OpenGL.framework in Frameworks */,
				E15CBB6C1876B4CB00C3874F /* Carbon.framework in Frameworks */,
				7E547D6118737FF900B5AD82 /* QuartzCore.framework in Frameworks */,
				7E547D5D18737FEB00B5AD82 /* CoreVideo.framework in Frameworks */,
				7EF8EAED18737E2C00D2384D /* Cocoa.framework in Frameworks */,
			);
			runOnlyForDeploymentPostprocessing = 0;
		};
/* End PBXFrameworksBuildPhase section */

/* Begin PBXGroup section */
		7E0BCCD719B3788D00A5DE31 /* Windows */ = {
			isa = PBXGroup;
			children = (
				7E11EC3A198BDB3C00098E5C /* main.cpp */,
				7E0BCCD919B38C5100A5DE31 /* SharedWin.h */,
			);
			name = Windows;
			sourceTree = "<group>";
		};
		7E5249E7191DD54300497626 /* Apple */ = {
			isa = PBXGroup;
			children = (
				7E0BCCDA19B38CCA00A5DE31 /* SharedApple.h */,
				7EDCDB8A19ACE03900438563 /* main.mm */,
				7EF8EAFE18737E2C00D2384D /* AppDelegate.h */,
				7EF8EAFF18737E2C00D2384D /* AppDelegate.mm */,
				7ED083DE19B61C990023DEDE /* MacUtils.mm */,
				7ED083E019B61CAC0023DEDE /* MacUtils.h */,
				7E547D5A18737F6300B5AD82 /* MacOpenGL.mm */,
				7E42A449191C851F00D8849A /* MacOpenGL.h */,
				7E2E571119942096008BBD88 /* MainMenu.xib */,
				7EF8EB0418737E2C00D2384D /* Images.xcassets */,
				7EF8EAF318737E2C00D2384D /* Supporting Files */,
			);
			name = Apple;
			sourceTree = "<group>";
		};
		7EF8EAE018737E2B00D2384D = {
			isa = PBXGroup;
			children = (
				7EF8EAF218737E2C00D2384D /* mycode */,
				7EF8EAEB18737E2C00D2384D /* Frameworks */,
				7EF8EAEA18737E2C00D2384D /* Products */,
			);
			sourceTree = "<group>";
		};
		7EF8EAEA18737E2C00D2384D /* Products */ = {
			isa = PBXGroup;
			children = (
				7EF8EAE918737E2C00D2384D /* SkyCat.app */,
			);
			name = Products;
			sourceTree = "<group>";
		};
		7EF8EAEB18737E2C00D2384D /* Frameworks */ = {
			isa = PBXGroup;
			children = (
				7EDCDBCB19AD47FF00438563 /* libovr.a */,
				7EDCDBC919AD445200438563 /* libovr.a */,
				7EDCDBC219AD012E00438563 /* libsystem_pthread.dylib */,
				7EDCDBC019AD012800438563 /* libpthread.dylib */,
				7EDCDBBE19ACFD7500438563 /* CoreFoundation.framework */,
				7EDCDBBC19ACEBA400438563 /* libstdc++.6.0.9.dylib */,
				7E82BA2C19AC22C60054E608 /* libovr.a */,
				7E82BA2A19AC22BD0054E608 /* IOKit.framework */,
				7E11EC66198BEC6200098E5C /* OpenGL.framework */,
				E15CBB6B1876B4CB00C3874F /* Carbon.framework */,
				7E547D6018737FF900B5AD82 /* QuartzCore.framework */,
				7E547D5E18737FF200B5AD82 /* OpenGL.framework */,
				7E547D5C18737FEB00B5AD82 /* CoreVideo.framework */,
				7EF8EAEC18737E2C00D2384D /* Cocoa.framework */,
				7EF8EB0B18737E2C00D2384D /* XCTest.framework */,
				7EF8EAEE18737E2C00D2384D /* Other Frameworks */,
			);
			name = Frameworks;
			sourceTree = "<group>";
		};
		7EF8EAEE18737E2C00D2384D /* Other Frameworks */ = {
			isa = PBXGroup;
			children = (
				7EF8EAEF18737E2C00D2384D /* AppKit.framework */,
				7EF8EAF018737E2C00D2384D /* CoreData.framework */,
				7EF8EAF118737E2C00D2384D /* Foundation.framework */,
			);
			name = "Other Frameworks";
			sourceTree = "<group>";
		};
		7EF8EAF218737E2C00D2384D /* mycode */ = {
			isa = PBXGroup;
			children = (
				7E0BCCD719B3788D00A5DE31 /* Windows */,
				7E5249E7191DD54300497626 /* Apple */,
				7E0C0C0919B123A8001C2FE6 /* GameWorld.cpp */,
				7E0C0C0A19B123A8001C2FE6 /* GameWorld.h */,
				7ECA38BF1A2B95B7002E87A2 /* BeautifulEnvironment.cpp */,
				7ECA38C01A2B95B7002E87A2 /* BeautifulEnvironment.h */,
				7E591BB819B00D9100B5ED7A /* NCString.cpp */,
				7E591BB919B00D9100B5ED7A /* NCString.h */,
				7E11EC27198BDB3C00098E5C /* SystemShared.h */,
				7E11EC28198BDB3C00098E5C /* AssetManager.cpp */,
				7EDCDBD319AE6D6B00438563 /* AssetManager.h */,
				7E11EC29198BDB3C00098E5C /* ncMessage.cpp */,
				7E11EC22198BDB3C00098E5C /* ncMessage.h */,
				7E11EC2A198BDB3C00098E5C /* ncBSP.cpp */,
				7E11EC23198BDB3C00098E5C /* ncBSP.h */,
				7E11EC2B198BDB3C00098E5C /* MultiplayerClient.cpp */,
				7EDCDBCE19AD6B9000438563 /* MultiplayerClient.h */,
				7E11EC2C198BDB3C00098E5C /* LocalGame.cpp */,
				7E0BCCD619B3695600A5DE31 /* LocalGame.h */,
				7E11EC2D198BDB3C00098E5C /* ConsoleCommand.cpp */,
				7EDCDBD819AE9D5700438563 /* ConsoleCommand.h */,
				7E11EC2F198BDB3C00098E5C /* Console.cpp */,
				7EDCDBD919AEA4C100438563 /* Console.h */,
				7E11EC30198BDB3C00098E5C /* ConsoleVariable.cpp */,
				7EDCDBD019AD7D9300438563 /* ConsoleVariable.h */,
				7E11EC31198BDB3C00098E5C /* LevelEnvironment.cpp */,
				7E0BCCD819B3796900A5DE31 /* LevelEnvironment.h */,
				7E11EC32198BDB3C00098E5C /* FileSystem.cpp */,
				7E591BB719B0094800B5ED7A /* FileSystem.h */,
				7E11EC33198BDB3C00098E5C /* CoreFont.cpp */,
				7E0C0C0819B10B4D001C2FE6 /* CoreFont.h */,
				7E11EC34198BDB3C00098E5C /* OpenGL.cpp */,
				7E0C0C0519B101B0001C2FE6 /* OpenGL.h */,
				7E11EC35198BDB3C00098E5C /* GameMath.cpp */,
				7E11EC25198BDB3C00098E5C /* GameMath.h */,
				7E11EC36198BDB3C00098E5C /* ImageManager.cpp */,
				7E0C0C0719B10889001C2FE6 /* ImageManager.h */,
				7E11EC38198BDB3C00098E5C /* Core.cpp */,
				7EDCDBCF19AD747200438563 /* Core.h */,
				7E11EC39198BDB3C00098E5C /* Input.cpp */,
				7EDCDBDA19AEB29300438563 /* Input.h */,
				7E11EC3B198BDB3C00098E5C /* MapLevel.cpp */,
				7E11EC3C198BDB3C00098E5C /* MaterialLoader.cpp */,
				7E0C0C0619B10772001C2FE6 /* MaterialLoader.h */,
				7E11EC3D198BDB3C00098E5C /* Models.cpp */,
				7EDCDBD519AE72EE00438563 /* Models.h */,
				7E11EC3E198BDB3C00098E5C /* Network.cpp */,
				7EDCDBD219AE511B00438563 /* Network.h */,
				7EDCDBDB19AEB48700438563 /* Camera.cpp */,
				7EDCDBDC19AEB48700438563 /* Camera.h */,
				7E11EC40198BDB3C00098E5C /* Renderer.cpp */,
				7E34A50919AEBDD500D3A5CB /* Renderer.h */,
				7E11EC41198BDB3C00098E5C /* MultiplayerServer.cpp */,
				7EDCDBD719AE872600438563 /* MultiplayerServer.h */,
				7E11EC42198BDB3C00098E5C /* ShaderLoader.cpp */,
				7EDCDBD619AE78FC00438563 /* ShaderLoader.h */,
				7E11EC43198BDB3C00098E5C /* System.cpp */,
				7EDCDBD119AE497300438563 /* System.h */,
				7E11EC45198BDB3C00098E5C /* Utils.cpp */,
				7E19CDD119C2D7EC00DD5422 /* Utils.h */,
				7E11EC46198BDB3C00098E5C /* Water.cpp */,
				7E8A19E71A079D5B00AE08A2 /* Terrain.cpp */,
				7E6784671A0BE869003F069D /* Terrain.h */,
				7E406F5F19C037A900F1A823 /* NOTE TO ME.txt */,
				7E74DDD81A0B7CDE0090FE26 /* VBOOpenGL.cpp */,
				7E74DDD91A0B7CDE0090FE26 /* VBOOpenGL.h */,
				7EC8471E1A1A3BBD008C147A /* Security.cpp */,
				7EC8471F1A1A3BBD008C147A /* Security.h */,
				7EEEB9DE1A1D1FEF00C4683D /* SkyCat-Bridging-Header.h */,
			);
			name = mycode;
			path = test;
			sourceTree = "<group>";
		};
		7EF8EAF318737E2C00D2384D /* Supporting Files */ = {
			isa = PBXGroup;
			children = (
				7E547D62187381F600B5AD82 /* SkyCat-Prefix.pch */,
				7EF8EAF418737E2C00D2384D /* SkyCat-Info.plist */,
				7EF8EAF518737E2C00D2384D /* InfoPlist.strings */,
				7EF8EAFB18737E2C00D2384D /* Credits.rtf */,
			);
			name = "Supporting Files";
			sourceTree = "<group>";
		};
/* End PBXGroup section */

/* Begin PBXNativeTarget section */
		7EF8EAE818737E2C00D2384D /* SkyCat */ = {
			isa = PBXNativeTarget;
			buildConfigurationList = 7EF8EB1A18737E2C00D2384D /* Build configuration list for PBXNativeTarget "SkyCat" */;
			buildPhases = (
				7EF8EAE518737E2C00D2384D /* Sources */,
				7EF8EAE618737E2C00D2384D /* Frameworks */,
				7EF8EAE718737E2C00D2384D /* Resources */,
			);
			buildRules = (
			);
			dependencies = (
			);
			name = SkyCat;
			productName = test;
			productReference = 7EF8EAE918737E2C00D2384D /* SkyCat.app */;
			productType = "com.apple.product-type.application";
		};
/* End PBXNativeTarget section */

/* Begin PBXProject section */
		7EF8EAE118737E2B00D2384D /* Project object */ = {
			isa = PBXProject;
			attributes = {
				LastUpgradeCheck = 0610;
				ORGANIZATIONNAME = "Neko Vision";
			};
			buildConfigurationList = 7EF8EAE418737E2B00D2384D /* Build configuration list for PBXProject "Nanocat" */;
			compatibilityVersion = "Xcode 3.2";
			developmentRegion = English;
			hasScannedForEncodings = 0;
			knownRegions = (
				en,
				Base,
			);
			mainGroup = 7EF8EAE018737E2B00D2384D;
			productRefGroup = 7EF8EAEA18737E2C00D2384D /* Products */;
			projectDirPath = "";
			projectRoot = "";
			targets = (
				7EF8EAE818737E2C00D2384D /* SkyCat */,
			);
		};
/* End PBXProject section */

/* Begin PBXResourcesBuildPhase section */
		7EF8EAE718737E2C00D2384D /* Resources */ = {
			isa = PBXResourcesBuildPhase;
			buildActionMask = 2147483647;
			files = (
				7EF8EAF718737E2C00D2384D /* InfoPlist.strings in Resources */,
				7EF8EB0518737E2C00D2384D /* Images.xcassets in Resources */,
				7EF8EAFD18737E2C00D2384D /* Credits.rtf in Resources */,
				7E2E571219942096008BBD88 /* MainMenu.xib in Resources */,
			);
			runOnlyForDeploymentPostprocessing = 0;
		};
/* End PBXResourcesBuildPhase section */

/* Begin PBXSourcesBuildPhase section */
		7EF8EAE518737E2C00D2384D /* Sources */ = {
			isa = PBXSourcesBuildPhase;
			buildActionMask = 2147483647;
			files = (
				7E11EC4C198BDB3C00098E5C /* ConsoleCommand.cpp in Sources */,
				7E11EC51198BDB3C00098E5C /* FileSystem.cpp in Sources */,
				7E547D5B18737F6300B5AD82 /* MacOpenGL.mm in Sources */,
				7E11EC4E198BDB3C00098E5C /* Console.cpp in Sources */,
				7E406F6019C037A900F1A823 /* NOTE TO ME.txt in Sources */,
				7EDCDBDD19AEB48700438563 /* Camera.cpp in Sources */,
				7E11EC4A198BDB3C00098E5C /* MultiplayerClient.cpp in Sources */,
				7E11EC52198BDB3C00098E5C /* CoreFont.cpp in Sources */,
				7E11EC54198BDB3C00098E5C /* GameMath.cpp in Sources */,
				7E11EC59198BDB3C00098E5C /* main.cpp in Sources */,
				7E11EC47198BDB3C00098E5C /* AssetManager.cpp in Sources */,
				7E11EC5F198BDB3C00098E5C /* Renderer.cpp in Sources */,
				7E11EC65198BDB3C00098E5C /* Water.cpp in Sources */,
				7E11EC55198BDB3C00098E5C /* ImageManager.cpp in Sources */,
				7E0C0C0B19B123A8001C2FE6 /* GameWorld.cpp in Sources */,
				7E8A19E81A079D5B00AE08A2 /* Terrain.cpp in Sources */,
				7E11EC53198BDB3C00098E5C /* OpenGL.cpp in Sources */,
				7E591BBA19B00D9100B5ED7A /* NCString.cpp in Sources */,
				7E11EC49198BDB3C00098E5C /* ncBSP.cpp in Sources */,
				7E11EC5D198BDB3C00098E5C /* Network.cpp in Sources */,
				7E11EC4F198BDB3C00098E5C /* ConsoleVariable.cpp in Sources */,
				7E11EC60198BDB3C00098E5C /* MultiplayerServer.cpp in Sources */,
				7E11EC64198BDB3C00098E5C /* Utils.cpp in Sources */,
				7E11EC5C198BDB3C00098E5C /* Models.cpp in Sources */,
				7ECA38C11A2B95B7002E87A2 /* BeautifulEnvironment.cpp in Sources */,
				7E11EC58198BDB3C00098E5C /* Input.cpp in Sources */,
				7E11EC57198BDB3C00098E5C /* Core.cpp in Sources */,
				7ED083DF19B61C990023DEDE /* MacUtils.mm in Sources */,
				7E11EC5B198BDB3C00098E5C /* MaterialLoader.cpp in Sources */,
				7EF8EB0018737E2C00D2384D /* AppDelegate.mm in Sources */,
				7EC847201A1A3BBD008C147A /* Security.cpp in Sources */,
				7E11EC62198BDB3C00098E5C /* System.cpp in Sources */,
				7E11EC5A198BDB3C00098E5C /* MapLevel.cpp in Sources */,
				7E11EC4B198BDB3C00098E5C /* LocalGame.cpp in Sources */,
				7E11EC50198BDB3C00098E5C /* LevelEnvironment.cpp in Sources */,
				7E74DDDA1A0B7CDE0090FE26 /* VBOOpenGL.cpp in Sources */,
				7E11EC61198BDB3C00098E5C /* ShaderLoader.cpp in Sources */,
				7E11EC48198BDB3C00098E5C /* ncMessage.cpp in Sources */,
				7EDCDB8C19ACE03900438563 /* main.mm in Sources */,
			);
			runOnlyForDeploymentPostprocessing = 0;
		};
/* End PBXSourcesBuildPhase section */

/* Begin PBXVariantGroup section */
		7EF8EAF518737E2C00D2384D /* InfoPlist.strings */ = {
			isa = PBXVariantGroup;
			children = (
				7EF8EAF618737E2C00D2384D /* en */,
			);
			name = InfoPlist.strings;
			sourceTree = "<group>";
		};
		7EF8EAFB18737E2C00D2384D /* Credits.rtf */ = {
			isa = PBXVariantGroup;
			children = (
				7EF8EAFC18737E2C00D2384D /* en */,
			);
			name = Credits.rtf;
			sourceTree = "<group>";
		};
/* End PBXVariantGroup section */

/* Begin XCBuildConfiguration section */
		7EF8EB1818737E2C00D2384D /* Debug */ = {
			isa = XCBuildConfiguration;
			buildSettings = {
				ALWAYS_SEARCH_USER_PATHS = NO;
				CLANG_CXX_LANGUAGE_STANDARD = "gnu++0x";
				CLANG_CXX_LIBRARY = "libc++";
				CLANG_ENABLE_OBJC_ARC = YES;
				CLANG_WARN_BOOL_CONVERSION = YES;
				CLANG_WARN_CONSTANT_CONVERSION = YES;
				CLANG_WARN_DIRECT_OBJC_ISA_USAGE = YES_ERROR;
				CLANG_WARN_EMPTY_BODY = YES;
				CLANG_WARN_ENUM_CONVERSION = YES;
				CLANG_WARN_INT_CONVERSION = YES;
				CLANG_WARN_OBJC_ROOT_CLASS = YES_ERROR;
				CLANG_WARN__DUPLICATE_METHOD_MATCH = YES;
				COPY_PHASE_STRIP = NO;
				GCC_C_LANGUAGE_STANDARD = gnu99;
				GCC_DYNAMIC_NO_PIC = NO;
				GCC_ENABLE_OBJC_EXCEPTIONS = YES;
				GCC_OPTIMIZATION_LEVEL = 0;
				GCC_PREPROCESSOR_DEFINITIONS = (
					"DEBUG=1",
					"$(inherited)",
				);
				GCC_SYMBOLS_PRIVATE_EXTERN = NO;
				GCC_WARN_64_TO_32_BIT_CONVERSION = YES;
				GCC_WARN_ABOUT_RETURN_TYPE = YES_ERROR;
				GCC_WARN_UNDECLARED_SELECTOR = YES;
				GCC_WARN_UNINITIALIZED_AUTOS = YES;
				GCC_WARN_UNUSED_FUNCTION = YES;
				GCC_WARN_UNUSED_VARIABLE = YES;
				MACOSX_DEPLOYMENT_TARGET = 10.9;
				ONLY_ACTIVE_ARCH = YES;
				SDKROOT = macosx;
				SUPPORTED_PLATFORMS = macosx;
			};
			name = Debug;
		};
		7EF8EB1918737E2C00D2384D /* Release */ = {
			isa = XCBuildConfiguration;
			buildSettings = {
				ALWAYS_SEARCH_USER_PATHS = NO;
				CLANG_CXX_LANGUAGE_STANDARD = "gnu++0x";
				CLANG_CXX_LIBRARY = "libc++";
				CLANG_ENABLE_OBJC_ARC = YES;
				CLANG_WARN_BOOL_CONVERSION = YES;
				CLANG_WARN_CONSTANT_CONVERSION = YES;
				CLANG_WARN_DIRECT_OBJC_ISA_USAGE = YES_ERROR;
				CLANG_WARN_EMPTY_BODY = YES;
				CLANG_WARN_ENUM_CONVERSION = YES;
				CLANG_WARN_INT_CONVERSION = YES;
				CLANG_WARN_OBJC_ROOT_CLASS = YES_ERROR;
				CLANG_WARN__DUPLICATE_METHOD_MATCH = YES;
				COPY_PHASE_STRIP = YES;
				DEBUG_INFORMATION_FORMAT = "dwarf-with-dsym";
				ENABLE_NS_ASSERTIONS = NO;
				GCC_C_LANGUAGE_STANDARD = gnu99;
				GCC_ENABLE_OBJC_EXCEPTIONS = YES;
				GCC_WARN_64_TO_32_BIT_CONVERSION = YES;
				GCC_WARN_ABOUT_RETURN_TYPE = YES_ERROR;
				GCC_WARN_UNDECLARED_SELECTOR = YES;
				GCC_WARN_UNINITIALIZED_AUTOS = YES;
				GCC_WARN_UNUSED_FUNCTION = YES;
				GCC_WARN_UNUSED_VARIABLE = YES;
				MACOSX_DEPLOYMENT_TARGET = 10.9;
				ONLY_ACTIVE_ARCH = YES;
				SDKROOT = macosx;
				SUPPORTED_PLATFORMS = macosx;
			};
			name = Release;
		};
		7EF8EB1B18737E2C00D2384D /* Debug */ = {
			isa = XCBuildConfiguration;
			buildSettings = {
				ASSETCATALOG_COMPILER_APPICON_NAME = AppIcon;
				CLANG_CXX_LANGUAGE_STANDARD = "c++14";
				CLANG_CXX_LIBRARY = "libstdc++";
				CLANG_ENABLE_MODULES = YES;
				CLANG_ENABLE_OBJC_ARC = NO;
				COMBINE_HIDPI_IMAGES = YES;
				COPY_PHASE_STRIP = YES;
				GCC_C_LANGUAGE_STANDARD = c99;
				GCC_ENABLE_CPP_EXCEPTIONS = NO;
				GCC_ENABLE_CPP_RTTI = NO;
				GCC_PRECOMPILE_PREFIX_HEADER = YES;
				GCC_PREFIX_HEADER = "test/SkyCat-Prefix.pch";
				HEADER_SEARCH_PATHS = (
					"$(inherited)",
					"/Applications/Xcode6-Beta5.app/Contents/Developer/Toolchains/XcodeDefault.xctoolchain/usr/include",
					"/Users/nekocode/Documents/Libs/LibOVR-master/Src",
					"/Users/nekocode/Documents/Libs/LibOVR-master/Include",
				);
				INFOPLIST_FILE = "test/SkyCat-Info.plist";
				LD_RUNPATH_SEARCH_PATHS = "$(inherited) @executable_path/../Frameworks";
				LIBRARY_SEARCH_PATHS = (
					"$(inherited)",
					/Users/nekocode/Desktop,
					"/Users/nekocode/Documents/Libs/LibOVR-master/Lib/MacOS/Debug",
					"$(SDKROOT)/usr/lib/system",
					"/Users/nekocode/Downloads/LibOVR-master/Src",
					"/Users/nekocode/Downloads/SimpleOculus-master/LibOVR/Lib/MacOS/Debug",
				);
				MACOSX_DEPLOYMENT_TARGET = 10.9;
				ONLY_ACTIVE_ARCH = YES;
				PRODUCT_NAME = SkyCat;
				SDKROOT = macosx;
				SWIFT_OBJC_BRIDGING_HEADER = "test/SkyCat-Bridging-Header.h";
				SWIFT_OPTIMIZATION_LEVEL = "-Onone";
				WRAPPER_EXTENSION = app;
			};
			name = Debug;
		};
		7EF8EB1C18737E2C00D2384D /* Release */ = {
			isa = XCBuildConfiguration;
			buildSettings = {
				ASSETCATALOG_COMPILER_APPICON_NAME = AppIcon;
				CLANG_CXX_LANGUAGE_STANDARD = "c++14";
				CLANG_CXX_LIBRARY = "libstdc++";
				CLANG_ENABLE_MODULES = YES;
				CLANG_ENABLE_OBJC_ARC = NO;
				COMBINE_HIDPI_IMAGES = YES;
				COPY_PHASE_STRIP = NO;
				GCC_C_LANGUAGE_STANDARD = c99;
				GCC_ENABLE_CPP_EXCEPTIONS = NO;
				GCC_ENABLE_CPP_RTTI = NO;
				GCC_PRECOMPILE_PREFIX_HEADER = YES;
				GCC_PREFIX_HEADER = "test/SkyCat-Prefix.pch";
				HEADER_SEARCH_PATHS = (
					"$(inherited)",
					"/Applications/Xcode6-Beta5.app/Contents/Developer/Toolchains/XcodeDefault.xctoolchain/usr/include",
					"/Users/nekocode/Documents/Libs/LibOVR-master/Src",
					"/Users/nekocode/Documents/Libs/LibOVR-master/Include",
				);
				INFOPLIST_FILE = "test/SkyCat-Info.plist";
				LD_RUNPATH_SEARCH_PATHS = "$(inherited) @executable_path/../Frameworks";
				LIBRARY_SEARCH_PATHS = (
					"$(inherited)",
					/Users/nekocode/Desktop,
					"/Users/nekocode/Documents/Libs/LibOVR-master/Lib/MacOS/Release",
					"$(SDKROOT)/usr/lib/system",
					"/Users/nekocode/Downloads/LibOVR-master/Src",
					"/Users/nekocode/Downloads/SimpleOculus-master/LibOVR/Lib/MacOS/Debug",
				);
				MACOSX_DEPLOYMENT_TARGET = 10.9;
				ONLY_ACTIVE_ARCH = NO;
				PRODUCT_NAME = SkyCat;
				SDKROOT = macosx;
				SWIFT_OBJC_BRIDGING_HEADER = "test/SkyCat-Bridging-Header.h";
				WRAPPER_EXTENSION = app;
			};
			name = Release;
		};
/* End XCBuildConfiguration section */

/* Begin XCConfigurationList section */
		7EF8EAE418737E2B00D2384D /* Build configuration list for PBXProject "Nanocat" */ = {
			isa = XCConfigurationList;
			buildConfigurations = (
				7EF8EB1818737E2C00D2384D /* Debug */,
				7EF8EB1918737E2C00D2384D /* Release */,
			);
			defaultConfigurationIsVisible = 0;
			defaultConfigurationName = Release;
		};
		7EF8EB1A18737E2C00D2384D /* Build configuration list for PBXNativeTarget "SkyCat" */ = {
			isa = XCConfigurationList;
			buildConfigurations = (
				7EF8EB1B18737E2C00D2384D /* Debug */,
				7EF8EB1C18737E2C00D2384D /* Release */,
			);
			defaultConfigurationIsVisible = 0;
			defaultConfigurationName = Release;
		};
/* End XCConfigurationList section */
	};
	rootObject = 7EF8EAE118737E2B00D2384D /* Project object */;
}
